<?xml version="1.0" encoding="utf-8"?>
<Project ToolsVersion="4.0" xmlns="http://schemas.microsoft.com/developer/msbuild/2003">
  <ItemGroup>
    <None Include="bdl.styled_qt_controls\styled_window\default_menu_style.qss" />
    <None Include="bdl.styled_qt_controls\styled_window\default_styles.qss" />
    <None Include="bdl.styled_qt_controls\styled_window\default_view_style.qss" />
    <None Include="bdl.styled_qt_controls\styled_window\styled_window.qss" />
    <None Include="bdl.styled_qt_controls\styled_dock_widget\styled_dock_widget.qss" />
    <None Include="bdl.styled_qt_controls\styled_dock_widget\styled_dock_widget_bottom.qss" />
    <None Include="bdl.styled_qt_controls\styled_dock_widget\styled_dock_widget_top.qss" />
  </ItemGroup>
  <ItemGroup>
    <ClCompile Include="bdl.styled_qt_controls\styled_window\styled_dialog.cpp" />
    <ClCompile Include="bdl.styled_qt_controls\styled_window\styled_window.cpp" />
    <ClCompile Include="bdl.styled_qt_controls\util\qt_helper_functions.cpp" />
    <ClCompile Include="bdl.styled_qt_controls\util\style_loader.cpp" />
    <ClCompile Include="bdl.styled_qt_controls\util\theme_colors.cpp" />
    <ClCompile Include="bdl.styled_qt_controls\util\os\file_icon_loader.cpp" />
    <ClCompile Include="bdl.styled_qt_controls\util\os\file_system_watcher.cpp" />
    <ClCompile Include="bdl.styled_qt_controls\styled_controls\styled_frame.cpp" />
    <ClCompile Include="bdl.styled_qt_controls\util\settings\settings_group.cpp" />
    <ClCompile Include="bdl.styled_qt_controls\util\settings\settings_io.cpp" />
    <ClCompile Include="bdl.styled_qt_controls\styled_controls\styled_widget.cpp" />
    <ClCompile Include="bdl.styled_qt_controls\styled_controls\styled_pushbutton.cpp" />
    <ClCompile Include="bdl.styled_qt_controls\styled_qt_controls.cpp" />
    <ClCompile Include="generated\bdl.styled_qt_controls\styled_controls\styled_frame.generated.cpp" />
    <ClCompile Include="generated\bdl.styled_qt_controls\styled_controls\styled_pushbutton.generated.cpp" />
    <ClCompile Include="generated\bdl.styled_qt_controls\styled_controls\styled_widget.generated.cpp" />
    <ClCompile Include="generated\bdl.styled_qt_controls\styled_window\styled_dialog.generated.cpp" />
    <ClCompile Include="generated\bdl.styled_qt_controls\styled_window\styled_window.generated.cpp" />
    <ClCompile Include="generated\bdl.styled_qt_controls\util\os\file_system_watcher.generated.cpp" />
    <ClCompile Include="generated\bdl.styled_qt_controls\util\settings\i_settings_provider.generated.cpp" />
    <ClCompile Include="bdl.styled_qt_controls\resources\resources.cpp" />
    <ClCompile Include="bdl.styled_qt_controls\styled_dock_widget\styled_dock_item.cpp" />
    <ClCompile Include="bdl.styled_qt_controls\styled_dock_widget\styled_dock_layout.cpp" />
    <ClCompile Include="bdl.styled_qt_controls\styled_dock_widget\styled_dock_overlay.cpp" />
    <ClCompile Include="bdl.styled_qt_controls\styled_dock_widget\styled_dock_splitter.cpp" />
    <ClCompile Include="bdl.styled_qt_controls\styled_dock_widget\styled_dock_widget.cpp" />
    <ClCompile Include="bdl.styled_qt_controls\styled_controls\styled_label.cpp" />
  </ItemGroup>
  <ItemGroup>
    <ClInclude Include="bdl.styled_qt_controls\styled_window\styled_dialog.q.hpp" />
    <ClInclude Include="bdl.styled_qt_controls\styled_window\styled_window.q.hpp" />
    <ClInclude Include="bdl.styled_qt_controls\styled_qt_controls.hpp" />
    <ClInclude Include="bdl.styled_qt_controls\util\property_extension.hpp" />
    <ClInclude Include="bdl.styled_qt_controls\util\qt_helper_functions.hpp" />
    <ClInclude Include="bdl.styled_qt_controls\util\style_loader.hpp" />
    <ClInclude Include="bdl.styled_qt_controls\util\theme_colors.hpp" />
    <ClInclude Include="bdl.styled_qt_controls\util\os\file_icon_loader.hpp" />
    <ClInclude Include="bdl.styled_qt_controls\util\os\file_system_watcher.q.hpp" />
    <ClInclude Include="bdl.styled_qt_controls\util\properties.hpp" />
    <ClInclude Include="bdl.styled_qt_controls\styled_controls\styled_frame.q.hpp" />
    <ClInclude Include="bdl.styled_qt_controls\util\settings\i_settings_provider.q.hpp" />
    <ClInclude Include="bdl.styled_qt_controls\util\settings\settings_group.hpp" />
    <ClInclude Include="bdl.styled_qt_controls\util\settings\settings_io.hpp" />
    <ClInclude Include="bdl.styled_qt_controls\styled_controls\styled_widget.q.hpp" />
    <ClInclude Include="bdl.styled_qt_controls\styled_controls\styled_pushbutton.q.hpp" />
    <ClInclude Include="bdl.styled_qt_controls\resources\resources.hpp" />
    <ClInclude Include="bdl.styled_qt_controls\styled_dock_widget\styled_dock_item.q.hpp" />
    <ClInclude Include="bdl.styled_qt_controls\styled_dock_widget\styled_dock_layout.q.hpp" />
    <ClInclude Include="bdl.styled_qt_controls\styled_dock_widget\styled_dock_overlay.q.hpp" />
    <ClInclude Include="bdl.styled_qt_controls\styled_dock_widget\styled_dock_splitter.q.hpp" />
    <ClInclude Include="bdl.styled_qt_controls\styled_dock_widget\styled_dock_widget.q.hpp" />
    <ClInclude Include="bdl.styled_qt_controls\styled_controls\styled_label.q.hpp" />
  </ItemGroup>
  <ItemGroup>
    <CustomBuild Include="bdl.styled_qt_controls\resources.qrc" />
  </ItemGroup>
</Project>